{
  "nodes": {
    "ace-coder": {
      "inputs": {
        "lefthook": "lefthook",
        "nixpkgs": "nixpkgs"
      },
      "locked": {
        "lastModified": 1773904214,
        "narHash": "sha256-GcjuulowrqGQwfrTA9xjghvthqJ4NMOGr9lEOCiGkHE=",
        "ref": "main",
        "rev": "41037c5f49cbdd3587dca216600f58b10c34d162",
        "revCount": 6370,
        "type": "git",
        "url": "file:///home/mhugo/code/ace-coder"
      },
      "original": {
        "ref": "main",
        "type": "git",
        "url": "file:///home/mhugo/code/ace-coder"
      }
    },
    "flake-utils": {
      "inputs": {
        "systems": "systems"
      },
      "locked": {
        "lastModified": 1731533236,
        "narHash": "sha256-l0KFg5HjrsfsO/JpG+r7fRrqm12kzFHyUHqHCVpMMbI=",
        "owner": "numtide",
        "repo": "flake-utils",
        "rev": "11707dc2f618dd54ca8739b309ec4fc024de578b",
        "type": "github"
      },
      "original": {
        "owner": "numtide",
        "repo": "flake-utils",
        "type": "github"
      }
    },
    "home-manager": {
      "inputs": {
        "nixpkgs": [
          "nixpkgs"
        ]
      },
      "locked": {
        "lastModified": 1771750122,
        "narHash": "sha256-+JYMGE6Z4O7GoaBFHByl22XcyeStu56GE1eu3+2sVjI=",
        "owner": "nix-community",
        "repo": "home-manager",
        "rev": "603626a8da9e1b622e55251a90ef486b8179334c",
        "type": "github"
      },
      "original": {
        "owner": "nix-community",
        "repo": "home-manager",
        "type": "github"
      }
    },
    "lefthook": {
      "inputs": {
        "nixpkgs": [
          "ace-coder",
          "nixpkgs"
        ]
      },
      "locked": {
        "lastModified": 1770377107,
        "narHash": "sha256-/QEXSDeAo5RK81PtM0yDhmt9k3v1/pse/jsrT1yXNhU=",
        "owner": "sudosubin",
        "repo": "lefthook.nix",
        "rev": "9cdaf7ce95ae77cbabc5b556bdd35d3cf0b849f5",
        "type": "github"
      },
      "original": {
        "owner": "sudosubin",
        "repo": "lefthook.nix",
        "type": "github"
      }
    },
    "nixpkgs": {
      "locked": {
        "lastModified": 1771903837,
        "narHash": "sha256-sdaqdnsQCv3iifzxwB22tUwN/fSHoN7j2myFW5EIkGk=",
        "owner": "NixOS",
        "repo": "nixpkgs",
        "rev": "e764fc9a405871f1f6ca3d1394fb422e0a0c3951",
        "type": "github"
      },
      "original": {
        "owner": "NixOS",
        "ref": "nixos-25.11",
        "repo": "nixpkgs",
        "type": "github"
      }
    },
    "nixpkgs_2": {
      "locked": {
        "lastModified": 1771369470,
        "narHash": "sha256-0NBlEBKkN3lufyvFegY4TYv5mCNHbi5OmBDrzihbBMQ=",
        "owner": "NixOS",
        "repo": "nixpkgs",
        "rev": "0182a361324364ae3f436a63005877674cf45efb",
        "type": "github"
      },
      "original": {
        "owner": "NixOS",
        "ref": "nixos-unstable",
        "repo": "nixpkgs",
        "type": "github"
      }
    },
    "root": {
      "inputs": {
        "ace-coder": "ace-coder",
        "flake-utils": "flake-utils",
        "home-manager": "home-manager",
        "nixpkgs": "nixpkgs_2",
        "sops-nix": "sops-nix"
      }
    },
    "sops-nix": {
      "inputs": {
        "nixpkgs": [
          "nixpkgs"
        ]
      },
      "locked": {
        "lastModified": 1758425756,
        "narHash": "sha256-L3N8zV6wsViXiD8i3WFyrvjDdz76g3tXKEdZ4FkgQ+Y=",
        "owner": "Mic92",
        "repo": "sops-nix",
        "rev": "e0fdaea3c31646e252a60b42d0ed8eafdb289762",
        "type": "github"
      },
      "original": {
        "owner": "Mic92",
        "repo": "sops-nix",
        "type": "github"
      }
    },
    "systems": {
      "locked": {
        "lastModified": 1681028828,
        "narHash": "sha256-Vy1rq5AaRuLzOxct8nz4T6wlgyUR7zLU309k9mBC768=",
        "owner": "nix-systems",
        "repo": "default",
        "rev": "da67096a3b9bf56a91d16901293e51ba5b49a27e",
        "type": "github"
      },
      "original": {
        "owner": "nix-systems",
        "repo": "default",
        "type": "github"
      }
    }
  },
  "root": "root",
  "version": 7
}
